{
  "version": 4,
  "terraform_version": "1.9.3",
  "serial": 15,
  "lineage": "82f0d3ab-4b00-f705-91b8-29806418f7c5",
  "outputs": {},
  "resources": [
    {
      "mode": "managed",
      "type": "aws_dynamodb_table",
      "name": "tf_guestbook_table",
      "provider": "provider[\"registry.terraform.io/hashicorp/aws\"]",
      "instances": [
        {
          "schema_version": 1,
          "attributes": {
            "arn": "arn:aws:dynamodb:eu-central-1:905418469938:table/Guestbook2",
            "attribute": [
              {
                "name": "Name",
                "type": "S"
              }
            ],
            "billing_mode": "PROVISIONED",
            "global_secondary_index": [],
            "hash_key": "Name",
            "id": "Guestbook2",
            "local_secondary_index": [],
            "name": "Guestbook2",
            "point_in_time_recovery": [
              {
                "enabled": false
              }
            ],
            "range_key": null,
            "read_capacity": 1,
            "replica": [],
            "restore_date_time": null,
            "restore_source_name": null,
            "restore_to_latest_time": null,
            "server_side_encryption": [],
            "stream_arn": "",
            "stream_enabled": false,
            "stream_label": "",
            "stream_view_type": "",
            "table_class": "",
            "tags": null,
            "tags_all": {},
            "timeouts": null,
            "ttl": [
              {
                "attribute_name": "",
                "enabled": false
              }
            ],
            "write_capacity": 1
          },
          "sensitive_attributes": [],
          "private": "eyJlMmJmYjczMC1lY2FhLTExZTYtOGY4OC0zNDM2M2JjN2M0YzAiOnsiY3JlYXRlIjoxODAwMDAwMDAwMDAwLCJkZWxldGUiOjYwMDAwMDAwMDAwMCwidXBkYXRlIjozNjAwMDAwMDAwMDAwfSwic2NoZW1hX3ZlcnNpb24iOiIxIn0="
        }
      ]
    },
    {
      "mode": "managed",
      "type": "aws_dynamodb_table_item",
      "name": "tf_guestbook_table",
      "provider": "provider[\"registry.terraform.io/hashicorp/aws\"]",
      "instances": [
        {
          "schema_version": 0,
          "attributes": {
            "hash_key": "Name",
            "id": "Guestbook2|Name||Mary Jane|",
            "item": "{\"Email\":{\"S\":\"jane@mail.com\"},\"Name\":{\"S\":\"Mary Jane\"},\"country\":{\"S\":\"USA\"},\"phone\":{\"N\":\"1234567890\"}}",
            "range_key": null,
            "table_name": "Guestbook2"
          },
          "sensitive_attributes": [],
          "private": "bnVsbA==",
          "dependencies": [
            "aws_dynamodb_table.tf_guestbook_table"
          ]
        }
      ]
    },
    {
      "mode": "managed",
      "type": "aws_dynamodb_table_item",
      "name": "tf_guestbook_table2",
      "provider": "provider[\"registry.terraform.io/hashicorp/aws\"]",
      "instances": [
        {
          "schema_version": 0,
          "attributes": {
            "hash_key": "Name",
            "id": "Guestbook2|Name||Anne Cooper|",
            "item": "{\"Email\":{\"S\":\"coper45@mail.com\"},\"Name\":{\"S\":\"Anne Cooper\"},\"country\":{\"S\":\"CANADA\"},\"phone\":{\"N\":\"456712390\"}}",
            "range_key": null,
            "table_name": "Guestbook2"
          },
          "sensitive_attributes": [],
          "private": "bnVsbA==",
          "dependencies": [
            "aws_dynamodb_table.tf_guestbook_table"
          ]
        }
      ]
    },
    {
      "mode": "managed",
      "type": "aws_dynamodb_table_item",
      "name": "tf_guestbook_table3",
      "provider": "provider[\"registry.terraform.io/hashicorp/aws\"]",
      "instances": [
        {
          "schema_version": 0,
          "attributes": {
            "hash_key": "Name",
            "id": "Guestbook2|Name||Craig Anderson|",
            "item": "{\"Email\":{\"S\":\"craig@mail.com\"},\"Name\":{\"S\":\"Craig Anderson\"},\"country\":{\"S\":\"Uk\"},\"phone\":{\"N\":\"9124876543\"}}",
            "range_key": null,
            "table_name": "Guestbook2"
          },
          "sensitive_attributes": [],
          "private": "bnVsbA==",
          "dependencies": [
            "aws_dynamodb_table.tf_guestbook_table"
          ]
        }
      ]
    }
  ],
  "check_results": null
}
